
Microsoft Visual Studio Solution File, Format Version 12.00
# Visual Studio 15
VisualStudioVersion = 15.0.28010.2041
MinimumVisualStudioVersion = 10.0.40219.1
Project("{FAE04EC0-301F-11D3-BF4B-00C04F79EFBC}") = "TwoFunTwoMe_Common", "TwoFunTwoMe_Common\TwoFunTwoMe_Common.csproj", "{95CC2128-3CE8-4CE0-969A-9EC3C0237DA4}"
EndProject
Project("{FAE04EC0-301F-11D3-BF4B-00C04F79EFBC}") = "TwoFunTwoMe_DataAccess", "TwoFunTwoMe_DataAccess\TwoFunTwoMe_DataAccess.csproj", "{96A03571-7D49-4CE7-800A-D45BDBE4F02F}"
EndProject
Project("{FAE04EC0-301F-11D3-BF4B-00C04F79EFBC}") = "testProyecto", "testProyecto\testProyecto.csproj", "{93A17823-A0D7-4A95-8DA8-2F035865B450}"
EndProject
Global
	GlobalSection(SolutionConfigurationPlatforms) = preSolution
		Debug|Any CPU = Debug|Any CPU
		Release|Any CPU = Release|Any CPU
	EndGlobalSection
	GlobalSection(ProjectConfigurationPlatforms) = postSolution
		{95CC2128-3CE8-4CE0-969A-9EC3C0237DA4}.Debug|Any CPU.ActiveCfg = Debug|Any CPU
		{95CC2128-3CE8-4CE0-969A-9EC3C0237DA4}.Debug|Any CPU.Build.0 = Debug|Any CPU
		{95CC2128-3CE8-4CE0-969A-9EC3C0237DA4}.Release|Any CPU.ActiveCfg = Release|Any CPU
		{95CC2128-3CE8-4CE0-969A-9EC3C0237DA4}.Release|Any CPU.Build.0 = Release|Any CPU
		{96A03571-7D49-4CE7-800A-D45BDBE4F02F}.Debug|Any CPU.ActiveCfg = Debug|Any CPU
		{96A03571-7D49-4CE7-800A-D45BDBE4F02F}.Debug|Any CPU.Build.0 = Debug|Any CPU
		{96A03571-7D49-4CE7-800A-D45BDBE4F02F}.Release|Any CPU.ActiveCfg = Release|Any CPU
		{96A03571-7D49-4CE7-800A-D45BDBE4F02F}.Release|Any CPU.Build.0 = Release|Any CPU
		{93A17823-A0D7-4A95-8DA8-2F035865B450}.Debug|Any CPU.ActiveCfg = Debug|Any CPU
		{93A17823-A0D7-4A95-8DA8-2F035865B450}.Debug|Any CPU.Build.0 = Debug|Any CPU
		{93A17823-A0D7-4A95-8DA8-2F035865B450}.Release|Any CPU.ActiveCfg = Release|Any CPU
		{93A17823-A0D7-4A95-8DA8-2F035865B450}.Release|Any CPU.Build.0 = Release|Any CPU
	EndGlobalSection
	GlobalSection(SolutionProperties) = preSolution
		HideSolutionNode = FALSE
	EndGlobalSection
	GlobalSection(ExtensibilityGlobals) = postSolution
		SolutionGuid = {EAD47DE8-F809-4043-81D0-01B7FD4ADBE2}
	EndGlobalSection
EndGlobal
